<?xml version="1.0" encoding="utf-8"?>
<Project ToolsVersion="17.0" xmlns="http://schemas.microsoft.com/developer/msbuild/2003">
  <ItemGroup>
    <CustomBuild Include="C:\Users\rion\source\repos\VEGA\CMakeFiles\17fe71657c737d149aeee39c997f7a9c\INSTALL_force.rule">
      <Filter>CMake Rules</Filter>
    </CustomBuild>
  </ItemGroup>
  <ItemGroup>
    <Filter Include="CMake Rules">
      <UniqueIdentifier>{16FBF0D4-C05F-3260-97EA-C1A096E73B04}</UniqueIdentifier>
    </Filter>
  </ItemGroup>
</Project>
